# This file was autogenerated by Stack.
# You should not edit this file by hand.
# For more information, please see the documentation at:
#   https://docs.haskellstack.org/en/stable/lock_files

packages:
- completed:
    hackage: algebraic-graphs-0.3@sha256:0cc77b36358ee813b7bee94ee64e1d064fcc0cba190ebc9ed899e79cc2e19345,9131
    pantry-tree:
      size: 4042
      sha256: ff66675c6a3ae736131ddda3621b60217433a9f03c40171c274bf1cb10180202
  original:
    hackage: algebraic-graphs-0.3@sha256:0cc77b36358ee813b7bee94ee64e1d064fcc0cba190ebc9ed899e79cc2e19345,9131
- completed:
    hackage: base-compat-0.10.5@sha256:d49e174ed0daecd059c52d13d4f4de87b5609c81212a22adbb92431f9cd58fff,6941
    pantry-tree:
      size: 8340
      sha256: 35ec3027624224a49f2a37aff7967dc75d9fc20a7e328ee2b7c0abc2e8838ff8
  original:
    hackage: base-compat-0.10.5@sha256:d49e174ed0daecd059c52d13d4f4de87b5609c81212a22adbb92431f9cd58fff,6941
- completed:
    hackage: base-compat-batteries-0.10.5@sha256:773526cb63fd837a10884c48f62185284596e70c644465c55a1d828918165697,8577
    pantry-tree:
      size: 10424
      sha256: 016a08db109a39bc6da5f760ea1d28be30ac65c72e25721399ef9c646ca487f2
  original:
    hackage: base-compat-batteries-0.10.5
- completed:
    hackage: devtools-0.0.1@sha256:6cc09d6568954a5c60dbd2428c2a62bfaa92e0ccdd05148c77234f21cf3971c5,4181
    pantry-tree:
      size: 452
      sha256: e56b8d3db8f6a92452e1d58f8912ce1feb712b832f6b4e85a771c22f1c3e0c09
  original:
    hackage: devtools-0.0.1@sha256:6cc09d6568954a5c60dbd2428c2a62bfaa92e0ccdd05148c77234f21cf3971c5,4181
- completed:
    hackage: fastsum-0.1.1.1@sha256:984ce99c8c153f31bffe03af6cc0599818878d62e9dae6ecb26b6623c92d6cec,2325
    pantry-tree:
      size: 431
      sha256: 1c89d4034e6d06e15ff0ec421a95206c030ddc2d35b9eee7f0a02aa30c6051c1
  original:
    hackage: fastsum-0.1.1.1@sha256:984ce99c8c153f31bffe03af6cc0599818878d62e9dae6ecb26b6623c92d6cec,2325
- completed:
    hackage: fused-effects-exceptions-1.0.0.0@sha256:ee32e6e6a40ce2272603b93036e05945d79f68200b1f09624db39262724b0f98,1731
    pantry-tree:
      size: 520
      sha256: de5cf7211020a5cb543faed316b760c8b9be7412d716b483f2ce8e152e63d278
  original:
    hackage: fused-effects-exceptions-1.0.0.0@sha256:ee32e6e6a40ce2272603b93036e05945d79f68200b1f09624db39262724b0f98,1731
- completed:
    hackage: fused-effects-readline-0.0.0.0@sha256:8e9e5978d9b111a90e9ef400819916682f045befe8e2c21fba4d47c0ab512d95,1834
    pantry-tree:
      size: 420
      sha256: a2c17d3d303feed5d0b3ed2d7d6b2fd10c3cce4444c925e049370a4d0f551fcc
  original:
    hackage: fused-effects-readline-0.0.0.0@sha256:8e9e5978d9b111a90e9ef400819916682f045befe8e2c21fba4d47c0ab512d95,1834
- completed:
    hackage: fused-effects-resumable-0.1.0.0@sha256:2914142d453d7c9c8cf9a349ab6abaf0297700827d71829ee69585b2ddedd170,1695
    pantry-tree:
      size: 452
      sha256: b8a0ff8b2dbecaa00f38d2503dd19ade34caa2b0032c74c93b53c8072ed4c46b
  original:
    hackage: fused-effects-resumable-0.1.0.0@sha256:2914142d453d7c9c8cf9a349ab6abaf0297700827d71829ee69585b2ddedd170,1695
- completed:
    hackage: lingo-0.3.2.0@sha256:80b9ded65f2ddc0272a2872d9c3fc43c37934accae076d3e547dfc6c6b6e16d3,1899
    pantry-tree:
      size: 422
      sha256: c76e9e74eaa576e33c6f02eb8e26b19cc5fe35c514cce888d851184f91e1c156
  original:
    hackage: lingo-0.3.2.0@sha256:80b9ded65f2ddc0272a2872d9c3fc43c37934accae076d3e547dfc6c6b6e16d3,1899
- completed:
    hackage: mprelude-0.1.0@sha256:73336894a0addfeef076678bcc2e13dce800f66fcf1c67c72bf25184ecac3fab,2974
    pantry-tree:
      size: 265
      sha256: 2516a863930d5172d3092a2309a3fa507c995f586d56f319780c2bad6c27726e
  original:
    hackage: mprelude-0.1.0@sha256:73336894a0addfeef076678bcc2e13dce800f66fcf1c67c72bf25184ecac3fab,2974
- completed:
    hackage: network-2.8.0.1@sha256:0f165dffa752d8cde30c2bde86f80609c4f1dc5eeb3182d593041f97839c5b3b,3011
    pantry-tree:
      size: 2488
      sha256: 2dbdda2225969dcd452d983a2ac7e52341e5fc1df76103342c9fac08fc686931
  original:
    hackage: network-2.8.0.1@sha256:0f165dffa752d8cde30c2bde86f80609c4f1dc5eeb3182d593041f97839c5b3b,3011
- completed:
    hackage: pretty-show-1.9.5@sha256:92aa3f43d8459a9b543e102fbb0b7a6aae0074e18ca6a9970d9922a867114f53,1963
    pantry-tree:
      size: 735
      sha256: 99f373f488e3ec7391d856be1675c6e06eb994dd31c38edc7e19b8e4054fdb38
  original:
    hackage: pretty-show-1.9.5@sha256:92aa3f43d8459a9b543e102fbb0b7a6aae0074e18ca6a9970d9922a867114f53,1963
- completed:
    hackage: pretty-simple-3.1.1.0@sha256:47bee493fb3f36b7fbf339167a1f769198c330db5a03eaaf9a8ee030f3e823d4,4137
    pantry-tree:
      size: 1405
      sha256: ab0e0731d01d621fadcbab2dea2b6bdf63e09d2d644a26514ae8dda2d199f823
  original:
    hackage: pretty-simple-3.1.1.0@sha256:47bee493fb3f36b7fbf339167a1f769198c330db5a03eaaf9a8ee030f3e823d4,4137
- completed:
    hackage: prettyprinter-1.5.1@sha256:fca87c3e2611d3499a0341a59857e9b424a23f31646e4737d535a18582284f96,5375
    pantry-tree:
      size: 2106
      sha256: 86fd583112db41bac5ac9ecf258ec402ad615253e9c5eabc56ec127bfb94c096
  original:
    hackage: prettyprinter-1.5.1@sha256:fca87c3e2611d3499a0341a59857e9b424a23f31646e4737d535a18582284f96,5375
- completed:
    hackage: profunctors-5.3@sha256:7b929e71176e67756e58e2f7826b70d01332fc2ddbfc4b4da4da7a574a9ddafa,2112
    pantry-tree:
      size: 1639
      sha256: 6c1e8dbecd1b2dfe2fa0bb0c14edfc79c922c6b45cd11cf8a44e033651bf078d
  original:
    hackage: profunctors-5.3@sha256:7b929e71176e67756e58e2f7826b70d01332fc2ddbfc4b4da4da7a574a9ddafa,2112
- completed:
    hackage: proto-lens-jsonpb-0.2.0.0@sha256:98cbf67a7204299bb820fb0128026581cfde8850cb6d4868ab9d001b3beb66a0,1987
    pantry-tree:
      size: 353
      sha256: 486c6b88c82f44d69f1aebfc1063a28f7ed7a561adcceca0eec2aaafd3666aaf
  original:
    hackage: proto-lens-jsonpb-0.2.0.0@sha256:98cbf67a7204299bb820fb0128026581cfde8850cb6d4868ab9d001b3beb66a0,1987
- completed:
    hackage: semilattices-0.0.0.4@sha256:333707e460923711d1edbdd02ebe1c3957d4e0808eab9886747b52ee3e443639,1909
    pantry-tree:
      size: 801
      sha256: f3b6dd7ac1fa1b7a259334ff342405263da053af5c115bd86499227e2373d8ec
  original:
    hackage: semilattices-0.0.0.4@sha256:333707e460923711d1edbdd02ebe1c3957d4e0808eab9886747b52ee3e443639,1909
- completed:
    hackage: source-constraints-0.0.1@sha256:abdda6ca3d942c81d61ed4374dbc0eee21e9c074da3f17b25d434c2d55df2acc,2979
    pantry-tree:
      size: 767
      sha256: 838aa22a00a46a7a469cce9d4049acd8c94ed9c1e8c0eeb898a6d8e67bdd6818
  original:
    hackage: source-constraints-0.0.1@sha256:abdda6ca3d942c81d61ed4374dbc0eee21e9c074da3f17b25d434c2d55df2acc,2979
- completed:
    hackage: tasty-1.3.1@sha256:01e35c97f7ee5ccbc28f21debea02a38cd010d53b4c3087f5677c5d06617a507,2520
    pantry-tree:
      size: 1804
      sha256: 6150ec5094fe321150b1263bc751c1a85b22be766053fb4648115d8c02b2064b
  original:
    hackage: tasty-1.3.1@sha256:01e35c97f7ee5ccbc28f21debea02a38cd010d53b4c3087f5677c5d06617a507,2520
- completed:
    hackage: tasty-mgolden-0.0.1@sha256:07fadb592cde353c386c5f38cff75539a5675e9350776ed6f4f0a70247427a78,4214
    pantry-tree:
      size: 338
      sha256: 9cd24c3a02396dd93ed7d57df1d9668a2377d128e413db5ff89d82ffdfc830fa
  original:
    hackage: tasty-mgolden-0.0.1@sha256:07fadb592cde353c386c5f38cff75539a5675e9350776ed6f4f0a70247427a78,4214
- completed:
    hackage: tree-sitter-0.9.0.1@sha256:9ea4fb1588e3ca5608f2e7214bdbd9fb927f61ef650e747138f00a149f549d3c,3355
    pantry-tree:
      size: 3765
      sha256: d208227719856364c841df3de363b89a240ea02d4f983a1eb73fa7873d6263ac
  original:
    hackage: tree-sitter-0.9.0.1@sha256:9ea4fb1588e3ca5608f2e7214bdbd9fb927f61ef650e747138f00a149f549d3c,3355
- completed:
    hackage: tree-sitter-go-0.5.0.1@sha256:28c1c5ec951cd1157c1554bccfeb057eda853800b4e4936a1e1b31fa81df0b6a,1726
    pantry-tree:
      size: 970
      sha256: d53c48dd6439440cb64d55d1362feb33d2a812166180b4081a412ded810f0f15
  original:
    hackage: tree-sitter-go-0.5.0.1@sha256:28c1c5ec951cd1157c1554bccfeb057eda853800b4e4936a1e1b31fa81df0b6a,1726
- completed:
    hackage: tree-sitter-java-0.7.0.1@sha256:e6ff823ac6e4601064fc798fcfed5082abc52508bac38de5f6cb6b0f00a3c3b6,1763
    pantry-tree:
      size: 902
      sha256: ccbeff80ef1eb89a1a96bd730e201161ec019ae979053c0f67a8857bde2017b5
  original:
    hackage: tree-sitter-java-0.7.0.1@sha256:e6ff823ac6e4601064fc798fcfed5082abc52508bac38de5f6cb6b0f00a3c3b6,1763
- completed:
    hackage: tree-sitter-json-0.7.0.1@sha256:938c5050381c2c3f7cf6483fb8ff48da88d3c1ebf97baff34e306e085f5362e9,1749
    pantry-tree:
      size: 553
      sha256: 44773f766bbec642bbd2ddced69e0d849fdb39ef8be2a9a4fe19885e93a8d6ca
  original:
    hackage: tree-sitter-json-0.7.0.1@sha256:938c5050381c2c3f7cf6483fb8ff48da88d3c1ebf97baff34e306e085f5362e9,1749
- completed:
    hackage: tree-sitter-php-0.4.0.0@sha256:ad6ad5bc866cc07eb019e0fea37cba7b35c9cca295e60468462254f3ba505c17,1771
    pantry-tree:
      size: 504
      sha256: aa4debfa7a7e1d8ce1ed3921c6ae74daae0d67216574f15f65b600fb30560285
  original:
    hackage: tree-sitter-php-0.4.0.0@sha256:ad6ad5bc866cc07eb019e0fea37cba7b35c9cca295e60468462254f3ba505c17,1771
- completed:
    hackage: tree-sitter-python-0.9.0.2@sha256:e06204b80edaa37dc4d887801c7cb3bf3859d1f0a6aba9341188e807289514cd,1873
    pantry-tree:
      size: 851
      sha256: 7254f438c9130c70e21e0239ea2ffa9fab5f5d9a454839cf7869e778fd281c1b
  original:
    hackage: tree-sitter-python-0.9.0.2@sha256:e06204b80edaa37dc4d887801c7cb3bf3859d1f0a6aba9341188e807289514cd,1873
- completed:
    hackage: tree-sitter-ql-0.1.0.3@sha256:907efdc529331e552222a906aa4e4270a9c976de0347853226cd4c939fd0d5c8,1777
    pantry-tree:
      size: 1248
      sha256: 6bebffaf3722d0466b077c385955f41c3ecd7d2c4ed2d5cf64ddffcf59785a72
  original:
    hackage: tree-sitter-ql-0.1.0.3@sha256:907efdc529331e552222a906aa4e4270a9c976de0347853226cd4c939fd0d5c8,1777
- completed:
    hackage: tree-sitter-ruby-0.5.0.2@sha256:8232ef0a4a54bb610e20c1330769b2fe5dbc3bdbe207075368d2e00ff01290ea,1848
    pantry-tree:
      size: 1151
      sha256: a53b6dba1639f84c8be94daa85166819156f6c6f837080440975661dd4fd222b
  original:
    hackage: tree-sitter-ruby-0.5.0.2@sha256:8232ef0a4a54bb610e20c1330769b2fe5dbc3bdbe207075368d2e00ff01290ea,1848
- completed:
    hackage: tree-sitter-rust-0.1.0.0@sha256:100b8590906cdb2bb7fadb50cf2c4f4d7d5d93cca5db9c20d2552076e824a586,1747
    pantry-tree:
      size: 1231
      sha256: 54abfd0dfae3feaa3791f2b43c562680ccbec967ee667c0cbdd726d75aa7374b
  original:
    hackage: tree-sitter-rust-0.1.0.0@sha256:100b8590906cdb2bb7fadb50cf2c4f4d7d5d93cca5db9c20d2552076e824a586,1747
- completed:
    hackage: tree-sitter-tsx-0.5.0.1@sha256:3961001d5722e715192b98b5f7e5e53cce849f01a0a471c6b9b807f09bb49b2b,1975
    pantry-tree:
      size: 1141
      sha256: cd65725a228b1d87a3f100d83889146dd09ec8152bb8b7b91f9c1ccff509861a
  original:
    hackage: tree-sitter-tsx-0.5.0.1@sha256:3961001d5722e715192b98b5f7e5e53cce849f01a0a471c6b9b807f09bb49b2b,1975
- completed:
    hackage: tree-sitter-typescript-0.5.0.1@sha256:eb003fd473f605c4f65de1c50475c202bea6109d8c56a71877126de8b9ad945c,2039
    pantry-tree:
      size: 1218
      sha256: 14dfada7e3009cae428c9c24a85f5336b80afc3827ca0ab001a3da8c51e29817
  original:
    hackage: tree-sitter-typescript-0.5.0.1@sha256:eb003fd473f605c4f65de1c50475c202bea6109d8c56a71877126de8b9ad945c,2039
- completed:
    name: fused-syntax
    version: 0.0.0.0
    git: https://github.com/antitypical/fused-syntax.git
    pantry-tree:
      size: 1427
      sha256: 5133ed33e3cc730d040d49e6dfcbf7129336167f9468c7cc3f1e8fc2748f10e6
    commit: d11e14581217590a5c67f79cbaeee35ac8acee6a
  original:
    git: https://github.com/antitypical/fused-syntax.git
    commit: d11e14581217590a5c67f79cbaeee35ac8acee6a
- completed:
    subdir: .
    name: semantic
    version: 0.11.0.0
    git: https://github.com/github/semantic
    pantry-tree:
      size: 275316
      sha256: edf6590157da79549e101774143452cc5a356c5df97948526f23937d40444bea
    commit: 85f3a937b79b3e95ada28941388139067dbde3a9
  original:
    subdir: .
    git: https://github.com/github/semantic
    commit: 85f3a937b79b3e95ada28941388139067dbde3a9
- completed:
    subdir: semantic-analysis
    name: semantic-analysis
    version: 0.0.0.0
    git: https://github.com/github/semantic
    pantry-tree:
      size: 1450
      sha256: a490e3418d5161c38eb5ec095d3ce429d0ebc4cadcd55b1a1f0021ff64072ee6
    commit: 85f3a937b79b3e95ada28941388139067dbde3a9
  original:
    subdir: semantic-analysis
    git: https://github.com/github/semantic
    commit: 85f3a937b79b3e95ada28941388139067dbde3a9
- completed:
    subdir: semantic-ast
    name: semantic-ast
    version: 0.1.0.0
    git: https://github.com/github/semantic
    pantry-tree:
      size: 947
      sha256: 7e48a74cfd882e0fdbd1ff465251f30cce1e9f000e67a38e6439cedafff81357
    commit: 85f3a937b79b3e95ada28941388139067dbde3a9
  original:
    subdir: semantic-ast
    git: https://github.com/github/semantic
    commit: 85f3a937b79b3e95ada28941388139067dbde3a9
- completed:
    subdir: semantic-codeql
    name: semantic-codeql
    version: 0.0.0.0
    git: https://github.com/github/semantic
    pantry-tree:
      size: 532
      sha256: 83f7384cfd2cd165362888058125600f2a05951781737da9611b2dc59389211f
    commit: 85f3a937b79b3e95ada28941388139067dbde3a9
  original:
    subdir: semantic-codeql
    git: https://github.com/github/semantic
    commit: 85f3a937b79b3e95ada28941388139067dbde3a9
- completed:
    subdir: semantic-core
    name: semantic-core
    version: 0.0.0.0
    git: https://github.com/github/semantic
    pantry-tree:
      size: 606
      sha256: 7e129630dd403b8551048b3c60d9cb55527a1c02677cb85882f296232146b6a6
    commit: 85f3a937b79b3e95ada28941388139067dbde3a9
  original:
    subdir: semantic-core
    git: https://github.com/github/semantic
    commit: 85f3a937b79b3e95ada28941388139067dbde3a9
- completed:
    subdir: semantic-go
    name: semantic-go
    version: 0.0.0.0
    git: https://github.com/github/semantic
    pantry-tree:
      size: 512
      sha256: c57b2b2dd3539ff57b33f78b92acbeee1e0cb2e4c84485da0930ddaa9b4dd80e
    commit: 85f3a937b79b3e95ada28941388139067dbde3a9
  original:
    subdir: semantic-go
    git: https://github.com/github/semantic
    commit: 85f3a937b79b3e95ada28941388139067dbde3a9
- completed:
    subdir: semantic-java
    name: semantic-java
    version: 0.0.0.0
    git: https://github.com/github/semantic
    pantry-tree:
      size: 522
      sha256: 94685239da22ae8c0a55389ad92a0011c908549bc4d2cfe8365210f7245d6608
    commit: 85f3a937b79b3e95ada28941388139067dbde3a9
  original:
    subdir: semantic-java
    git: https://github.com/github/semantic
    commit: 85f3a937b79b3e95ada28941388139067dbde3a9
- completed:
    subdir: semantic-json
    name: semantic-json
    version: 0.0.0.0
    git: https://github.com/github/semantic
    pantry-tree:
      size: 456
      sha256: b1789d700378b44dbee272b181a86904b1ad0d1f1bf940abab22a5b2962c451d
    commit: 85f3a937b79b3e95ada28941388139067dbde3a9
  original:
    subdir: semantic-json
    git: https://github.com/github/semantic
    commit: 85f3a937b79b3e95ada28941388139067dbde3a9
- completed:
    subdir: semantic-php
    name: semantic-php
    version: 0.0.0.0
    git: https://github.com/github/semantic
    pantry-tree:
      size: 510
      sha256: 5f918cc73a790dc5565d6933348d12a65f78a6364cb829f2d3e0e019bcbfd00d
    commit: 85f3a937b79b3e95ada28941388139067dbde3a9
  original:
    subdir: semantic-php
    git: https://github.com/github/semantic
    commit: 85f3a937b79b3e95ada28941388139067dbde3a9
- completed:
    subdir: semantic-python
    name: semantic-python
    version: 0.0.0.0
    git: https://github.com/github/semantic
    pantry-tree:
      size: 3133
      sha256: d175c39c97823419c5c85d3abf7e371d593122c22aa92e26b5360776d1a511f3
    commit: 85f3a937b79b3e95ada28941388139067dbde3a9
  original:
    subdir: semantic-python
    git: https://github.com/github/semantic
    commit: 85f3a937b79b3e95ada28941388139067dbde3a9
- completed:
    subdir: semantic-ruby
    name: semantic-ruby
    version: 0.0.0.0
    git: https://github.com/github/semantic
    pantry-tree:
      size: 684
      sha256: cba364a0c0460752994511e7361c92966df3a4000da7d77a6e23167403e6cae5
    commit: 85f3a937b79b3e95ada28941388139067dbde3a9
  original:
    subdir: semantic-ruby
    git: https://github.com/github/semantic
    commit: 85f3a937b79b3e95ada28941388139067dbde3a9
- completed:
    subdir: semantic-scope-graph
    name: semantic-scope-graph
    version: 0.0.0.0
    git: https://github.com/github/semantic
    pantry-tree:
      size: 1261
      sha256: 9a64aeaa04241d168e4bbb7ccf95034ab7d40470f2f1501e51c6b2c88b5a284e
    commit: 85f3a937b79b3e95ada28941388139067dbde3a9
  original:
    subdir: semantic-scope-graph
    git: https://github.com/github/semantic
    commit: 85f3a937b79b3e95ada28941388139067dbde3a9
- completed:
    subdir: semantic-source
    name: semantic-source
    version: 0.1.0.0
    git: https://github.com/github/semantic
    pantry-tree:
      size: 836
      sha256: a6ee74796398de67ed377f2b2c6e802fa35062abcd134704020b00e85d14fe3c
    commit: 85f3a937b79b3e95ada28941388139067dbde3a9
  original:
    subdir: semantic-source
    git: https://github.com/github/semantic
    commit: 85f3a937b79b3e95ada28941388139067dbde3a9
- completed:
    subdir: semantic-tags
    name: semantic-tags
    version: 0.0.0.0
    git: https://github.com/github/semantic
    pantry-tree:
      size: 328
      sha256: 6fbb902c0aa49fe808c1528d7dc0a441f87e1134d9a5e46c9815b1c3b3b05a1a
    commit: 85f3a937b79b3e95ada28941388139067dbde3a9
  original:
    subdir: semantic-tags
    git: https://github.com/github/semantic
    commit: 85f3a937b79b3e95ada28941388139067dbde3a9
- completed:
    subdir: semantic-tsx
    name: semantic-tsx
    version: 0.0.0.0
    git: https://github.com/github/semantic
    pantry-tree:
      size: 518
      sha256: d4873a51591017f27a1d71b0377f68507bda610a74c4b5daeabded097f13ea4c
    commit: 85f3a937b79b3e95ada28941388139067dbde3a9
  original:
    subdir: semantic-tsx
    git: https://github.com/github/semantic
    commit: 85f3a937b79b3e95ada28941388139067dbde3a9
- completed:
    subdir: semantic-typescript
    name: semantic-typescript
    version: 0.0.0.0
    git: https://github.com/github/semantic
    pantry-tree:
      size: 553
      sha256: 52691885f675771259fdc416cb7efe4c6640780abe7e65aff0332763cc109bc5
    commit: 85f3a937b79b3e95ada28941388139067dbde3a9
  original:
    subdir: semantic-typescript
    git: https://github.com/github/semantic
    commit: 85f3a937b79b3e95ada28941388139067dbde3a9
snapshots:
- completed:
    size: 496112
    url: https://raw.githubusercontent.com/commercialhaskell/stackage-snapshots/master/lts/15/13.yaml
    sha256: 75a1a0f870e1876898b117b0e443f911b3fa2985bfabb53158c81ab5765beda5
  original: lts-15.13
